
Microsoft Visual Studio Solution File, Format Version 12.00
# Visual Studio Version 16
VisualStudioVersion = 16.0.30204.135
MinimumVisualStudioVersion = 10.0.40219.1
Project("{FAE04EC0-301F-11D3-BF4B-00C04F79EFBC}") = "GitdemoApril2020", "GitdemoApril2020\GitdemoApril2020.csproj", "{78DBE276-F508-458A-985C-2D113F8251BD}"
EndProject
Global
	GlobalSection(SolutionConfigurationPlatforms) = preSolution
		Debug|Any CPU = Debug|Any CPU
		Release|Any CPU = Release|Any CPU
	EndGlobalSection
	GlobalSection(ProjectConfigurationPlatforms) = postSolution
		{78DBE276-F508-458A-985C-2D113F8251BD}.Debug|Any CPU.ActiveCfg = Debug|Any CPU
		{78DBE276-F508-458A-985C-2D113F8251BD}.Debug|Any CPU.Build.0 = Debug|Any CPU
		{78DBE276-F508-458A-985C-2D113F8251BD}.Release|Any CPU.ActiveCfg = Release|Any CPU
		{78DBE276-F508-458A-985C-2D113F8251BD}.Release|Any CPU.Build.0 = Release|Any CPU
	EndGlobalSection
	GlobalSection(SolutionProperties) = preSolution
		HideSolutionNode = FALSE
	EndGlobalSection
	GlobalSection(ExtensibilityGlobals) = postSolution
		SolutionGuid = {F6BB2EB0-2DFB-4ED7-A95C-A02CD0248787}
	EndGlobalSection
EndGlobal
